
Microsoft Visual Studio Solution File, Format Version 12.00
# Visual Studio Version 17
VisualStudioVersion = 17.14.36109.1 d17.14
MinimumVisualStudioVersion = 10.0.40219.1
Project("{FAE04EC0-301F-11D3-BF4B-00C04F79EFBC}") = "MKA_Demo_App", "MKA_Demo_App\MKA_Demo_App.csproj", "{FBC15F49-F605-42BE-8C26-B7BBEFFBFC03}"
EndProject
Global
	GlobalSection(SolutionConfigurationPlatforms) = preSolution
		Debug|Any CPU = Debug|Any CPU
		Release|Any CPU = Release|Any CPU
	EndGlobalSection
	GlobalSection(ProjectConfigurationPlatforms) = postSolution
		{FBC15F49-F605-42BE-8C26-B7BBEFFBFC03}.Debug|Any CPU.ActiveCfg = Debug|Any CPU
		{FBC15F49-F605-42BE-8C26-B7BBEFFBFC03}.Debug|Any CPU.Build.0 = Debug|Any CPU
		{FBC15F49-F605-42BE-8C26-B7BBEFFBFC03}.Release|Any CPU.ActiveCfg = Release|Any CPU
		{FBC15F49-F605-42BE-8C26-B7BBEFFBFC03}.Release|Any CPU.Build.0 = Release|Any CPU
	EndGlobalSection
	GlobalSection(SolutionProperties) = preSolution
		HideSolutionNode = FALSE
	EndGlobalSection
	GlobalSection(ExtensibilityGlobals) = postSolution
		SolutionGuid = {060A1248-EE75-4F41-B334-87A28851DCAF}
	EndGlobalSection
EndGlobal
